{
  "name": "@liquid-labs/intraweb",
  "version": "1.0.0-alpha.0",
  "lockfileVersion": 2,
  "requires": true,
  "packages": {
    "": {
      "name": "@liquid-labs/intraweb",
      "version": "1.0.0-alpha.0",
      "license": "UNLICENSED",
      "bin": {
        "create-google-projects": "dist/create-google-projects.sh",
        "intraweb": "dist/intraweb.sh"
      },
      "devDependencies": {
        "@liquid-labs/bash-rollup": "^1.0.0-alpha.5",
        "@liquid-labs/bash-toolkit": "^1.0.0-alpha.55"
      }
    },
    "node_modules/@liquid-labs/bash-rollup": {
      "version": "1.0.0-alpha.5",
      "resolved": "https://registry.npmjs.org/@liquid-labs/bash-rollup/-/bash-rollup-1.0.0-alpha.5.tgz",
      "integrity": "sha512-2ER9MSY4h9LTVh9+QUfzv7gkQQqpS/KGx8YqyjHwz21Qd0QNH4GOMcGkchaEvpJspgCRtUqGDhoBzroVw1CJCA==",
      "dev": true,
      "bin": {
        "bash-rollup": "dist/bash-rollup.sh"
      }
    },
    "node_modules/@liquid-labs/bash-toolkit": {
      "version": "1.0.0-alpha.56",
      "resolved": "https://registry.npmjs.org/@liquid-labs/bash-toolkit/-/bash-toolkit-1.0.0-alpha.56.tgz",
      "integrity": "sha512-2lG2RKifQCYIhoDe4mnFFx1KrXWV/NuzedDHEjCGWih/QrA8YH4T6WCz/rkdzbWYV3sFehzlCVw1YSZayZp/6g==",
      "dev": true
    }
  },
  "dependencies": {
    "@liquid-labs/bash-rollup": {
      "version": "1.0.0-alpha.5",
      "resolved": "https://registry.npmjs.org/@liquid-labs/bash-rollup/-/bash-rollup-1.0.0-alpha.5.tgz",
      "integrity": "sha512-2ER9MSY4h9LTVh9+QUfzv7gkQQqpS/KGx8YqyjHwz21Qd0QNH4GOMcGkchaEvpJspgCRtUqGDhoBzroVw1CJCA==",
      "dev": true
    },
    "@liquid-labs/bash-toolkit": {
      "version": "1.0.0-alpha.56",
      "resolved": "https://registry.npmjs.org/@liquid-labs/bash-toolkit/-/bash-toolkit-1.0.0-alpha.56.tgz",
      "integrity": "sha512-2lG2RKifQCYIhoDe4mnFFx1KrXWV/NuzedDHEjCGWih/QrA8YH4T6WCz/rkdzbWYV3sFehzlCVw1YSZayZp/6g==",
      "dev": true
    }
  }
}
