{
  "name": "@liquid-labs/intraweb",
  "version": "1.0.0-alpha.2",
  "lockfileVersion": 2,
  "requires": true,
  "packages": {
    "": {
      "name": "@liquid-labs/intraweb",
      "version": "1.0.0-alpha.2",
      "license": "UNLICENSED",
      "bin": {
        "intraweb": "dist/intraweb.sh"
      },
      "devDependencies": {
        "@liquid-labs/bash-rollup": "^1.0.0-alpha.5",
        "@liquid-labs/bash-toolkit": "^1.0.0-alpha.57"
      }
    },
    "node_modules/@liquid-labs/bash-rollup": {
      "version": "1.0.0-alpha.5",
      "resolved": "https://registry.npmjs.org/@liquid-labs/bash-rollup/-/bash-rollup-1.0.0-alpha.5.tgz",
      "integrity": "sha512-2ER9MSY4h9LTVh9+QUfzv7gkQQqpS/KGx8YqyjHwz21Qd0QNH4GOMcGkchaEvpJspgCRtUqGDhoBzroVw1CJCA==",
      "dev": true,
      "bin": {
        "bash-rollup": "dist/bash-rollup.sh"
      }
    },
    "node_modules/@liquid-labs/bash-toolkit": {
      "version": "1.0.0-alpha.57",
      "resolved": "https://registry.npmjs.org/@liquid-labs/bash-toolkit/-/bash-toolkit-1.0.0-alpha.57.tgz",
      "integrity": "sha512-DjWB4y1ltZ3YDSFGR2j5JPzV6tB/jdfBt1vKUO3JZpIxj8CPB4aqazgrLKIHA+VsbHe0JLy33/eaeO4QJp0f1A==",
      "dev": true
    }
  },
  "dependencies": {
    "@liquid-labs/bash-rollup": {
      "version": "1.0.0-alpha.5",
      "resolved": "https://registry.npmjs.org/@liquid-labs/bash-rollup/-/bash-rollup-1.0.0-alpha.5.tgz",
      "integrity": "sha512-2ER9MSY4h9LTVh9+QUfzv7gkQQqpS/KGx8YqyjHwz21Qd0QNH4GOMcGkchaEvpJspgCRtUqGDhoBzroVw1CJCA==",
      "dev": true
    },
    "@liquid-labs/bash-toolkit": {
      "version": "1.0.0-alpha.57",
      "resolved": "https://registry.npmjs.org/@liquid-labs/bash-toolkit/-/bash-toolkit-1.0.0-alpha.57.tgz",
      "integrity": "sha512-DjWB4y1ltZ3YDSFGR2j5JPzV6tB/jdfBt1vKUO3JZpIxj8CPB4aqazgrLKIHA+VsbHe0JLy33/eaeO4QJp0f1A==",
      "dev": true
    }
  }
}
